
Microsoft Visual Studio Solution File, Format Version 12.00
# Visual Studio 15
VisualStudioVersion = 15.0.28010.2003
MinimumVisualStudioVersion = 10.0.40219.1
Project("{9A19103F-16F7-4668-BE54-9A1E7A4F7556}") = "WorkProcessorFn", "WorkProcessorFn\WorkProcessorFn.csproj", "{74EDBAED-62FE-45EC-9473-B3C18AF98A23}"
EndProject
Global
	GlobalSection(SolutionConfigurationPlatforms) = preSolution
		Debug|Any CPU = Debug|Any CPU
		Release|Any CPU = Release|Any CPU
	EndGlobalSection
	GlobalSection(ProjectConfigurationPlatforms) = postSolution
		{74EDBAED-62FE-45EC-9473-B3C18AF98A23}.Debug|Any CPU.ActiveCfg = Debug|Any CPU
		{74EDBAED-62FE-45EC-9473-B3C18AF98A23}.Debug|Any CPU.Build.0 = Debug|Any CPU
		{74EDBAED-62FE-45EC-9473-B3C18AF98A23}.Release|Any CPU.ActiveCfg = Release|Any CPU
		{74EDBAED-62FE-45EC-9473-B3C18AF98A23}.Release|Any CPU.Build.0 = Release|Any CPU
	EndGlobalSection
	GlobalSection(SolutionProperties) = preSolution
		HideSolutionNode = FALSE
	EndGlobalSection
	GlobalSection(ExtensibilityGlobals) = postSolution
		SolutionGuid = {C6EC07BD-2AF3-40B4-89D4-18ABF78E4AB5}
	EndGlobalSection
EndGlobal
